
Microsoft Visual Studio Solution File, Format Version 12.00
# Visual Studio Version 16
VisualStudioVersion = 16.0.31624.102
MinimumVisualStudioVersion = 10.0.40219.1
Project("{FAE04EC0-301F-11D3-BF4B-00C04F79EFBC}") = "TCP_Client_Test", "TCP_Client_Test\TCP_Client_Test.csproj", "{04382BED-5D85-40CD-863E-1D468BE9950C}"
EndProject
Global
	GlobalSection(SolutionConfigurationPlatforms) = preSolution
		Debug|Any CPU = Debug|Any CPU
		Release|Any CPU = Release|Any CPU
	EndGlobalSection
	GlobalSection(ProjectConfigurationPlatforms) = postSolution
		{04382BED-5D85-40CD-863E-1D468BE9950C}.Debug|Any CPU.ActiveCfg = Debug|Any CPU
		{04382BED-5D85-40CD-863E-1D468BE9950C}.Debug|Any CPU.Build.0 = Debug|Any CPU
		{04382BED-5D85-40CD-863E-1D468BE9950C}.Release|Any CPU.ActiveCfg = Release|Any CPU
		{04382BED-5D85-40CD-863E-1D468BE9950C}.Release|Any CPU.Build.0 = Release|Any CPU
	EndGlobalSection
	GlobalSection(SolutionProperties) = preSolution
		HideSolutionNode = FALSE
	EndGlobalSection
	GlobalSection(ExtensibilityGlobals) = postSolution
		SolutionGuid = {7BC80C56-5150-422E-98F2-631D69FB60FA}
	EndGlobalSection
EndGlobal
